
Microsoft Visual Studio Solution File, Format Version 12.00
# Visual Studio Version 16
VisualStudioVersion = 16.0.31112.23
MinimumVisualStudioVersion = 10.0.40219.1
Project("{FAE04EC0-301F-11D3-BF4B-00C04F79EFBC}") = "ConsoleApp1", "ConsoleApp1\ConsoleApp1.csproj", "{F0DDFB5F-2F24-45B8-B5C3-90FFB3D60B48}"
EndProject
Global
	GlobalSection(SolutionConfigurationPlatforms) = preSolution
		Debug|Any CPU = Debug|Any CPU
		Release|Any CPU = Release|Any CPU
	EndGlobalSection
	GlobalSection(ProjectConfigurationPlatforms) = postSolution
		{F0DDFB5F-2F24-45B8-B5C3-90FFB3D60B48}.Debug|Any CPU.ActiveCfg = Debug|Any CPU
		{F0DDFB5F-2F24-45B8-B5C3-90FFB3D60B48}.Debug|Any CPU.Build.0 = Debug|Any CPU
		{F0DDFB5F-2F24-45B8-B5C3-90FFB3D60B48}.Release|Any CPU.ActiveCfg = Release|Any CPU
		{F0DDFB5F-2F24-45B8-B5C3-90FFB3D60B48}.Release|Any CPU.Build.0 = Release|Any CPU
	EndGlobalSection
	GlobalSection(SolutionProperties) = preSolution
		HideSolutionNode = FALSE
	EndGlobalSection
	GlobalSection(ExtensibilityGlobals) = postSolution
		SolutionGuid = {BF845E61-A1E1-42C1-9EC1-92FC70C402BA}
	EndGlobalSection
EndGlobal
